Microsoft Visual Studio Solution File, Format Version 12.00
# Visual Studio Version 17
VisualStudioVersion = 17.5.2.0
MinimumVisualStudioVersion = 10.0.40219.1
Project("{FAE04EC0-301F-11D3-BF4B-00C04F79EFBC}") = "advent_of_code_2025", "advent_of_code_2025.csproj", "{5223FF32-53E5-0914-563A-71B443D5845F}"
EndProject
Global
	GlobalSection(SolutionConfigurationPlatforms) = preSolution
		Debug|Any CPU = Debug|Any CPU
		Release|Any CPU = Release|Any CPU
	EndGlobalSection
	GlobalSection(ProjectConfigurationPlatforms) = postSolution
		{5223FF32-53E5-0914-563A-71B443D5845F}.Debug|Any CPU.ActiveCfg = Debug|Any CPU
		{5223FF32-53E5-0914-563A-71B443D5845F}.Debug|Any CPU.Build.0 = Debug|Any CPU
		{5223FF32-53E5-0914-563A-71B443D5845F}.Release|Any CPU.ActiveCfg = Release|Any CPU
		{5223FF32-53E5-0914-563A-71B443D5845F}.Release|Any CPU.Build.0 = Release|Any CPU
	EndGlobalSection
	GlobalSection(SolutionProperties) = preSolution
		HideSolutionNode = FALSE
	EndGlobalSection
	GlobalSection(ExtensibilityGlobals) = postSolution
		SolutionGuid = {26D1DFF5-218B-4A6C-B877-A4E7CFC860C4}
	EndGlobalSection
EndGlobal
